
Microsoft Visual Studio Solution File, Format Version 12.00
# Visual Studio 15
VisualStudioVersion = 15.0.33529.398
MinimumVisualStudioVersion = 10.0.40219.1
Project("{8BC9CEB8-8B4A-11D0-8D11-00A0C91BC942}") = "OpenCV4_extra01", "OpenCV4_extra01\OpenCV4_extra01.vcxproj", "{09885A8D-34D3-4D84-8B48-A7DB662B9205}"
EndProject
Global
	GlobalSection(SolutionConfigurationPlatforms) = preSolution
		Debug|x64 = Debug|x64
		Debug|x86 = Debug|x86
		Release|x64 = Release|x64
		Release|x86 = Release|x86
	EndGlobalSection
	GlobalSection(ProjectConfigurationPlatforms) = postSolution
		{09885A8D-34D3-4D84-8B48-A7DB662B9205}.Debug|x64.ActiveCfg = Debug|x64
		{09885A8D-34D3-4D84-8B48-A7DB662B9205}.Debug|x64.Build.0 = Debug|x64
		{09885A8D-34D3-4D84-8B48-A7DB662B9205}.Debug|x86.ActiveCfg = Debug|Win32
		{09885A8D-34D3-4D84-8B48-A7DB662B9205}.Debug|x86.Build.0 = Debug|Win32
		{09885A8D-34D3-4D84-8B48-A7DB662B9205}.Release|x64.ActiveCfg = Release|x64
		{09885A8D-34D3-4D84-8B48-A7DB662B9205}.Release|x64.Build.0 = Release|x64
		{09885A8D-34D3-4D84-8B48-A7DB662B9205}.Release|x86.ActiveCfg = Release|Win32
		{09885A8D-34D3-4D84-8B48-A7DB662B9205}.Release|x86.Build.0 = Release|Win32
	EndGlobalSection
	GlobalSection(SolutionProperties) = preSolution
		HideSolutionNode = FALSE
	EndGlobalSection
	GlobalSection(ExtensibilityGlobals) = postSolution
		SolutionGuid = {75E1A9FE-560F-4D9B-9A4B-D2CB8E1AD4C3}
	EndGlobalSection
EndGlobal
